
Microsoft Visual Studio Solution File, Format Version 12.00
# Visual Studio 15
VisualStudioVersion = 15.0.28010.0
MinimumVisualStudioVersion = 10.0.40219.1
Project("{9A19103F-16F7-4668-BE54-9A1E7A4F7556}") = "Discord.Net-Example", "ExampleProject\Discord.Net-Example.csproj", "{A539194E-8B28-46E4-BC3B-CA12C472C92F}"
EndProject
Global
	GlobalSection(SolutionConfigurationPlatforms) = preSolution
		Debug|Any CPU = Debug|Any CPU
		Release|Any CPU = Release|Any CPU
	EndGlobalSection
	GlobalSection(ProjectConfigurationPlatforms) = postSolution
		{A539194E-8B28-46E4-BC3B-CA12C472C92F}.Debug|Any CPU.ActiveCfg = Debug|Any CPU
		{A539194E-8B28-46E4-BC3B-CA12C472C92F}.Debug|Any CPU.Build.0 = Debug|Any CPU
		{A539194E-8B28-46E4-BC3B-CA12C472C92F}.Release|Any CPU.ActiveCfg = Release|Any CPU
		{A539194E-8B28-46E4-BC3B-CA12C472C92F}.Release|Any CPU.Build.0 = Release|Any CPU
	EndGlobalSection
	GlobalSection(SolutionProperties) = preSolution
		HideSolutionNode = FALSE
	EndGlobalSection
	GlobalSection(ExtensibilityGlobals) = postSolution
		SolutionGuid = {61D520C9-2716-4676-88C1-C7C0251C18DC}
	EndGlobalSection
EndGlobal
